<?xml version="1.0" encoding="utf-8"?>
<Project ToolsVersion="4.0" xmlns="http://schemas.microsoft.com/developer/msbuild/2003">
  <ItemGroup>
    <Filter Include="Source Files">
      <UniqueIdentifier>{4FC737F1-C7A5-4376-A066-2A32D752A2FF}</UniqueIdentifier>
      <Extensions>cpp;c;cc;cxx;def;odl;idl;hpj;bat;asm;asmx</Extensions>
    </Filter>
    <Filter Include="Header Files">
      <UniqueIdentifier>{93995380-89BD-4b04-88EB-625FBE52EBFB}</UniqueIdentifier>
      <Extensions>h;hpp;hxx;hm;inl;inc;xsd</Extensions>
    </Filter>
    <Filter Include="Resource Files">
      <UniqueIdentifier>{67DA6AB6-F800-4c08-8B7A-83BB121AAD01}</UniqueIdentifier>
      <Extensions>rc;ico;cur;bmp;dlg;rc2;rct;bin;rgs;gif;jpg;jpeg;jpe;resx;tiff;tif;png;wav;mfcribbon-ms</Extensions>
    </Filter>
  </ItemGroup>
  <ItemGroup>
    <ClCompile Include="Code\cD3DManager.cpp">
      <Filter>Source Files</Filter>
    </ClCompile>
    <ClCompile Include="Code\cD3DXFont.cpp">
      <Filter>Source Files</Filter>
    </ClCompile>
    <ClCompile Include="Code\cD3DXSpriteMgr.cpp">
      <Filter>Source Files</Filter>
    </ClCompile>
    <ClCompile Include="Code\cD3DXTexture.cpp">
      <Filter>Source Files</Filter>
    </ClCompile>
    <ClCompile Include="Code\cEnemy.cpp">
      <Filter>Source Files</Filter>
    </ClCompile>
    <ClCompile Include="Code\cExplosion.cpp">
      <Filter>Source Files</Filter>
    </ClCompile>
    <ClCompile Include="Code\cShield.cpp">
      <Filter>Source Files</Filter>
    </ClCompile>
    <ClCompile Include="Code\cSprite.cpp">
      <Filter>Source Files</Filter>
    </ClCompile>
    <ClCompile Include="Code\cXAudio.cpp">
      <Filter>Source Files</Filter>
    </ClCompile>
    <ClCompile Include="Code\main.cpp">
      <Filter>Source Files</Filter>
    </ClCompile>
  </ItemGroup>
  <ItemGroup>
    <ClInclude Include="Code\cD3DManager.h">
      <Filter>Header Files</Filter>
    </ClInclude>
    <ClInclude Include="Code\cD3DXFont.h">
      <Filter>Header Files</Filter>
    </ClInclude>
    <ClInclude Include="Code\cD3DXSpriteMgr.h">
      <Filter>Header Files</Filter>
    </ClInclude>
    <ClInclude Include="Code\cD3DXTexture.h">
      <Filter>Header Files</Filter>
    </ClInclude>
    <ClInclude Include="Code\cEnemy.h">
      <Filter>Header Files</Filter>
    </ClInclude>
    <ClInclude Include="Code\cExplosion.h">
      <Filter>Header Files</Filter>
    </ClInclude>
    <ClInclude Include="Code\cShield.h">
      <Filter>Header Files</Filter>
    </ClInclude>
    <ClInclude Include="Code\cSprite.h">
      <Filter>Header Files</Filter>
    </ClInclude>
    <ClInclude Include="Code\cXAudio.h">
      <Filter>Header Files</Filter>
    </ClInclude>
    <ClInclude Include="Code\GameConstants.h">
      <Filter>Header Files</Filter>
    </ClInclude>
    <ClInclude Include="Code\GameResources.h">
      <Filter>Header Files</Filter>
    </ClInclude>
  </ItemGroup>
  <ItemGroup>
    <ResourceCompile Include="Code\GameResources.rc">
      <Filter>Resource Files</Filter>
    </ResourceCompile>
  </ItemGroup>
  <ItemGroup>
    <None Include="ClassDiagram.cd" />
  </ItemGroup>
</Project>